
Microsoft Visual Studio Solution File, Format Version 12.00
# Visual Studio Version 16
VisualStudioVersion = 16.0.31402.337
MinimumVisualStudioVersion = 10.0.40219.1
Project("{9A19103F-16F7-4668-BE54-9A1E7A4F7556}") = "OCDETF.StrikeForce.Web.API", "OCDETF.StrikeForce.Web.API.csproj", "{732280BD-D5CC-452F-93D1-F44A884FEA24}"
EndProject
Project("{9A19103F-16F7-4668-BE54-9A1E7A4F7556}") = "OCDETF.StrikeForce.Core.Library", "..\OCDETF.StrikeForce.Core.Library\OCDETF.StrikeForce.Core.Library.csproj", "{8BB467E2-23C7-46F5-BB4B-74DBEA98B69E}"
EndProject
Project("{9A19103F-16F7-4668-BE54-9A1E7A4F7556}") = "OCDETF.StrikeForce.Business.Library", "..\OCDETF.StrikeForce.Business.Library\OCDETF.StrikeForce.Business.Library.csproj", "{FDC09DB9-53AE-498B-940C-96E6C7528626}"
EndProject
Global
	GlobalSection(SolutionConfigurationPlatforms) = preSolution
		Debug|Any CPU = Debug|Any CPU
		Release|Any CPU = Release|Any CPU
	EndGlobalSection
	GlobalSection(ProjectConfigurationPlatforms) = postSolution
		{732280BD-D5CC-452F-93D1-F44A884FEA24}.Debug|Any CPU.ActiveCfg = Debug|Any CPU
		{732280BD-D5CC-452F-93D1-F44A884FEA24}.Debug|Any CPU.Build.0 = Debug|Any CPU
		{732280BD-D5CC-452F-93D1-F44A884FEA24}.Release|Any CPU.ActiveCfg = Release|Any CPU
		{732280BD-D5CC-452F-93D1-F44A884FEA24}.Release|Any CPU.Build.0 = Release|Any CPU
		{8BB467E2-23C7-46F5-BB4B-74DBEA98B69E}.Debug|Any CPU.ActiveCfg = Debug|Any CPU
		{8BB467E2-23C7-46F5-BB4B-74DBEA98B69E}.Debug|Any CPU.Build.0 = Debug|Any CPU
		{8BB467E2-23C7-46F5-BB4B-74DBEA98B69E}.Release|Any CPU.ActiveCfg = Release|Any CPU
		{8BB467E2-23C7-46F5-BB4B-74DBEA98B69E}.Release|Any CPU.Build.0 = Release|Any CPU
		{FDC09DB9-53AE-498B-940C-96E6C7528626}.Debug|Any CPU.ActiveCfg = Debug|Any CPU
		{FDC09DB9-53AE-498B-940C-96E6C7528626}.Debug|Any CPU.Build.0 = Debug|Any CPU
		{FDC09DB9-53AE-498B-940C-96E6C7528626}.Release|Any CPU.ActiveCfg = Release|Any CPU
		{FDC09DB9-53AE-498B-940C-96E6C7528626}.Release|Any CPU.Build.0 = Release|Any CPU
	EndGlobalSection
	GlobalSection(SolutionProperties) = preSolution
		HideSolutionNode = FALSE
	EndGlobalSection
	GlobalSection(ExtensibilityGlobals) = postSolution
		SolutionGuid = {959B3B77-EAEE-49B6-8AF8-3B938D9E53B8}
	EndGlobalSection
EndGlobal
